
Microsoft Visual Studio Solution File, Format Version 12.00
# Visual Studio Version 17
VisualStudioVersion = 17.14.36804.6 d17.14
MinimumVisualStudioVersion = 10.0.40219.1
Project("{FAE04EC0-301F-11D3-BF4B-00C04F79EFBC}") = "StandardCSharp", "StandardCSharp\StandardCSharp.csproj", "{3AA85818-E1DB-4339-9A1F-83960F38B342}"
EndProject
Project("{FAE04EC0-301F-11D3-BF4B-00C04F79EFBC}") = "CSharpInCore.Net", "CSharpInCore.Net\CSharpInCore.Net.csproj", "{9F504866-C80B-43D7-8DC0-C0D545FF65E7}"
EndProject
Project("{FAE04EC0-301F-11D3-BF4B-00C04F79EFBC}") = "DiamondPattern", "DiamondPattern\DiamondPattern.csproj", "{CE6EFB5F-D8D8-4F6F-9990-0ABAE70CDB00}"
EndProject
Global
	GlobalSection(SolutionConfigurationPlatforms) = preSolution
		Debug|Any CPU = Debug|Any CPU
		Release|Any CPU = Release|Any CPU
	EndGlobalSection
	GlobalSection(ProjectConfigurationPlatforms) = postSolution
		{3AA85818-E1DB-4339-9A1F-83960F38B342}.Debug|Any CPU.ActiveCfg = Debug|Any CPU
		{3AA85818-E1DB-4339-9A1F-83960F38B342}.Debug|Any CPU.Build.0 = Debug|Any CPU
		{3AA85818-E1DB-4339-9A1F-83960F38B342}.Release|Any CPU.ActiveCfg = Release|Any CPU
		{3AA85818-E1DB-4339-9A1F-83960F38B342}.Release|Any CPU.Build.0 = Release|Any CPU
		{9F504866-C80B-43D7-8DC0-C0D545FF65E7}.Debug|Any CPU.ActiveCfg = Debug|Any CPU
		{9F504866-C80B-43D7-8DC0-C0D545FF65E7}.Debug|Any CPU.Build.0 = Debug|Any CPU
		{9F504866-C80B-43D7-8DC0-C0D545FF65E7}.Release|Any CPU.ActiveCfg = Release|Any CPU
		{9F504866-C80B-43D7-8DC0-C0D545FF65E7}.Release|Any CPU.Build.0 = Release|Any CPU
		{CE6EFB5F-D8D8-4F6F-9990-0ABAE70CDB00}.Debug|Any CPU.ActiveCfg = Debug|Any CPU
		{CE6EFB5F-D8D8-4F6F-9990-0ABAE70CDB00}.Debug|Any CPU.Build.0 = Debug|Any CPU
		{CE6EFB5F-D8D8-4F6F-9990-0ABAE70CDB00}.Release|Any CPU.ActiveCfg = Release|Any CPU
		{CE6EFB5F-D8D8-4F6F-9990-0ABAE70CDB00}.Release|Any CPU.Build.0 = Release|Any CPU
	EndGlobalSection
	GlobalSection(SolutionProperties) = preSolution
		HideSolutionNode = FALSE
	EndGlobalSection
	GlobalSection(ExtensibilityGlobals) = postSolution
		SolutionGuid = {2E992E59-2D62-4ECB-8A23-8A8C4B1466D5}
	EndGlobalSection
EndGlobal
